{
  "name": "isapi",
  "lockfileVersion": 2,
  "requires": true,
  "packages": {
    "": {
      "dependencies": {
        "imagescript": "github:Jacherr/ImageScript#fcf3532dd5b3263874a461e41f954d4566e5bf0b"
      }
    },
    "node_modules/@types/node": {
      "version": "14.14.14",
      "resolved": "https://registry.npmjs.org/@types/node/-/node-14.14.14.tgz",
      "integrity": "sha512-UHnOPWVWV1z+VV8k6L1HhG7UbGBgIdghqF3l9Ny9ApPghbjICXkUJSd/b9gOgQfjM1r+37cipdw/HJ3F6ICEnQ=="
    },
    "node_modules/imagescript": {
      "version": "1.1.15",
      "resolved": "git+ssh://git@github.com/Jacherr/ImageScript.git#fcf3532dd5b3263874a461e41f954d4566e5bf0b",
      "integrity": "sha512-lPRsuWu5kUWWe0LHkfTSzmOtjE2Hk+k2626u3XnO2ceSH8//M4Zj8oFMVpd4RUdkAu2FjALWgw1KXL1dgtcOPA==",
      "hasInstallScript": true,
      "license": "GPL-3.0-or-later",
      "dependencies": {
        "@types/node": "^14.14.14"
      },
      "engines": {
        "node": ">=12.0.0"
      }
    }
  },
  "dependencies": {
    "@types/node": {
      "version": "14.14.14",
      "resolved": "https://registry.npmjs.org/@types/node/-/node-14.14.14.tgz",
      "integrity": "sha512-UHnOPWVWV1z+VV8k6L1HhG7UbGBgIdghqF3l9Ny9ApPghbjICXkUJSd/b9gOgQfjM1r+37cipdw/HJ3F6ICEnQ=="
    },
    "imagescript": {
      "version": "git+ssh://git@github.com/Jacherr/ImageScript.git#fcf3532dd5b3263874a461e41f954d4566e5bf0b",
      "integrity": "sha512-lPRsuWu5kUWWe0LHkfTSzmOtjE2Hk+k2626u3XnO2ceSH8//M4Zj8oFMVpd4RUdkAu2FjALWgw1KXL1dgtcOPA==",
      "from": "imagescript@github:Jacherr/ImageScript#fcf3532dd5b3263874a461e41f954d4566e5bf0b",
      "requires": {
        "@types/node": "^14.14.14"
      }
    }
  }
}
