{
  "name": "isapi",
  "lockfileVersion": 2,
  "requires": true,
  "packages": {
    "": {
      "dependencies": {
        "imagescript": "github:Jacherr/ImageScript#ea0d580387ed2a43dc1e6678c21e1f5334bd786b"
      }
    },
    "node_modules/@types/node": {
      "version": "14.14.14",
      "resolved": "https://registry.npmjs.org/@types/node/-/node-14.14.14.tgz",
      "integrity": "sha512-UHnOPWVWV1z+VV8k6L1HhG7UbGBgIdghqF3l9Ny9ApPghbjICXkUJSd/b9gOgQfjM1r+37cipdw/HJ3F6ICEnQ=="
    },
    "node_modules/imagescript": {
      "version": "1.1.14",
      "resolved": "git+ssh://git@github.com/Jacherr/ImageScript.git#ea0d580387ed2a43dc1e6678c21e1f5334bd786b",
      "integrity": "sha512-+ZhT/g2ZIPvxYXquKg2CwdE3LRw4bL1eptiEcm1XEBAjTbHcDFcnMH/+szqGNlbYnse5JSQrE4T7DoZAb2AABw==",
      "hasInstallScript": true,
      "license": "GPL-3.0-or-later",
      "dependencies": {
        "@types/node": "^14.14.14"
      },
      "engines": {
        "node": ">=12.0.0"
      }
    }
  },
  "dependencies": {
    "@types/node": {
      "version": "14.14.14",
      "resolved": "https://registry.npmjs.org/@types/node/-/node-14.14.14.tgz",
      "integrity": "sha512-UHnOPWVWV1z+VV8k6L1HhG7UbGBgIdghqF3l9Ny9ApPghbjICXkUJSd/b9gOgQfjM1r+37cipdw/HJ3F6ICEnQ=="
    },
    "imagescript": {
      "version": "git+ssh://git@github.com/Jacherr/ImageScript.git#ea0d580387ed2a43dc1e6678c21e1f5334bd786b",
      "integrity": "sha512-+ZhT/g2ZIPvxYXquKg2CwdE3LRw4bL1eptiEcm1XEBAjTbHcDFcnMH/+szqGNlbYnse5JSQrE4T7DoZAb2AABw==",
      "from": "imagescript@github:Jacherr/ImageScript#ea0d580387ed2a43dc1e6678c21e1f5334bd786b",
      "requires": {
        "@types/node": "^14.14.14"
      }
    }
  }
}
